// !$*UTF8*$!
{
	archiveVersion = 1;
	classes = {
	};
	objectVersion = 50;
	objects = {

/* Begin PBXBuildFile section */
		B9068F1B20D7F779007010AD /* AppDelegate.m in Sources */ = {isa = PBXBuildFile; fileRef = B9068F1A20D7F779007010AD /* AppDelegate.m */; };
		B9068F1E20D7F779007010AD /* ViewController.m in Sources */ = {isa = PBXBuildFile; fileRef = B9068F1D20D7F779007010AD /* ViewController.m */; };
		B9068F2120D7F779007010AD /* Main.storyboard in Resources */ = {isa = PBXBuildFile; fileRef = B9068F1F20D7F779007010AD /* Main.storyboard */; };
		B9068F2320D7F77A007010AD /* Assets.xcassets in Resources */ = {isa = PBXBuildFile; fileRef = B9068F2220D7F77A007010AD /* Assets.xcassets */; };
		B9068F2620D7F77A007010AD /* LaunchScreen.storyboard in Resources */ = {isa = PBXBuildFile; fileRef = B9068F2420D7F77A007010AD /* LaunchScreen.storyboard */; };
		B9068F2920D7F77A007010AD /* main.m in Sources */ = {isa = PBXBuildFile; fileRef = B9068F2820D7F77A007010AD /* main.m */; };
		B9068F3320D7F77A007010AD /* objc_extensionsTests.m in Sources */ = {isa = PBXBuildFile; fileRef = B9068F3220D7F77A007010AD /* objc_extensionsTests.m */; };
/* End PBXBuildFile section */

/* Begin PBXContainerItemProxy section */
		B9068F2F20D7F77A007010AD /* PBXContainerItemProxy */ = {
			isa = PBXContainerItemProxy;
			containerPortal = B9068F0E20D7F779007010AD /* Project object */;
			proxyType = 1;
			remoteGlobalIDString = B9068F1520D7F779007010AD;
			remoteInfo = "objc-extensions";
		};
/* End PBXContainerItemProxy section */

/* Begin PBXFileReference section */
		B9068F1620D7F779007010AD /* objc-extensions.app */ = {isa = PBXFileReference; explicitFileType = wrapper.application; includeInIndex = 0; path = "objc-extensions.app"; sourceTree = BUILT_PRODUCTS_DIR; };
		B9068F1920D7F779007010AD /* AppDelegate.h */ = {isa = PBXFileReference; lastKnownFileType = sourcecode.c.h; path = AppDelegate.h; sourceTree = "<group>"; };
		B9068F1A20D7F779007010AD /* AppDelegate.m */ = {isa = PBXFileReference; lastKnownFileType = sourcecode.c.objc; path = AppDelegate.m; sourceTree = "<group>"; };
		B9068F1C20D7F779007010AD /* ViewController.h */ = {isa = PBXFileReference; lastKnownFileType = sourcecode.c.h; path = ViewController.h; sourceTree = "<group>"; };
		B9068F1D20D7F779007010AD /* ViewController.m */ = {isa = PBXFileReference; lastKnownFileType = sourcecode.c.objc; path = ViewController.m; sourceTree = "<group>"; };
		B9068F2020D7F779007010AD /* Base */ = {isa = PBXFileReference; lastKnownFileType = file.storyboard; name = Base; path = Base.lproj/Main.storyboard; sourceTree = "<group>"; };
		B9068F2220D7F77A007010AD /* Assets.xcassets */ = {isa = PBXFileReference; lastKnownFileType = folder.assetcatalog; path = Assets.xcassets; sourceTree = "<group>"; };
		B9068F2520D7F77A007010AD /* Base */ = {isa = PBXFileReference; lastKnownFileType = file.storyboard; name = Base; path = Base.lproj/LaunchScreen.storyboard; sourceTree = "<group>"; };
		B9068F2720D7F77A007010AD /* Info.plist */ = {isa = PBXFileReference; lastKnownFileType = text.plist.xml; path = Info.plist; sourceTree = "<group>"; };
		B9068F2820D7F77A007010AD /* main.m */ = {isa = PBXFileReference; lastKnownFileType = sourcecode.c.objc; path = main.m; sourceTree = "<group>"; };
		B9068F2E20D7F77A007010AD /* objc-extensionsTests.xctest */ = {isa = PBXFileReference; explicitFileType = wrapper.cfbundle; includeInIndex = 0; path = "objc-extensionsTests.xctest"; sourceTree = BUILT_PRODUCTS_DIR; };
		B9068F3220D7F77A007010AD /* objc_extensionsTests.m */ = {isa = PBXFileReference; lastKnownFileType = sourcecode.c.objc; path = objc_extensionsTests.m; sourceTree = "<group>"; };
		B9068F3420D7F77A007010AD /* Info.plist */ = {isa = PBXFileReference; lastKnownFileType = text.plist.xml; path = Info.plist; sourceTree = "<group>"; };
/* End PBXFileReference section */

/* Begin PBXFrameworksBuildPhase section */
		B9068F1320D7F779007010AD /* Frameworks */ = {
			isa = PBXFrameworksBuildPhase;
			buildActionMask = 2147483647;
			files = (
			);
			runOnlyForDeploymentPostprocessing = 0;
		};
		B9068F2B20D7F77A007010AD /* Frameworks */ = {
			isa = PBXFrameworksBuildPhase;
			buildActionMask = 2147483647;
			files = (
			);
			runOnlyForDeploymentPostprocessing = 0;
		};
/* End PBXFrameworksBuildPhase section */

/* Begin PBXGroup section */
		B9068F0D20D7F779007010AD = {
			isa = PBXGroup;
			children = (
				B9068F1820D7F779007010AD /* objc-extensions */,
				B9068F3120D7F77A007010AD /* objc-extensionsTests */,
				B9068F1720D7F779007010AD /* Products */,
			);
			sourceTree = "<group>";
		};
		B9068F1720D7F779007010AD /* Products */ = {
			isa = PBXGroup;
			children = (
				B9068F1620D7F779007010AD /* objc-extensions.app */,
				B9068F2E20D7F77A007010AD /* objc-extensionsTests.xctest */,
			);
			name = Products;
			sourceTree = "<group>";
		};
		B9068F1820D7F779007010AD /* objc-extensions */ = {
			isa = PBXGroup;
			children = (
				B9068F1920D7F779007010AD /* AppDelegate.h */,
				B9068F1A20D7F779007010AD /* AppDelegate.m */,
				B9068F1C20D7F779007010AD /* ViewController.h */,
				B9068F1D20D7F779007010AD /* ViewController.m */,
				B9068F1F20D7F779007010AD /* Main.storyboard */,
				B9068F2220D7F77A007010AD /* Assets.xcassets */,
				B9068F2420D7F77A007010AD /* LaunchScreen.storyboard */,
				B9068F2720D7F77A007010AD /* Info.plist */,
				B9068F2820D7F77A007010AD /* main.m */,
			);
			path = "objc-extensions";
			sourceTree = "<group>";
		};
		B9068F3120D7F77A007010AD /* objc-extensionsTests */ = {
			isa = PBXGroup;
			children = (
				B9068F3220D7F77A007010AD /* objc_extensionsTests.m */,
				B9068F3420D7F77A007010AD /* Info.plist */,
			);
			path = "objc-extensionsTests";
			sourceTree = "<group>";
		};
/* End PBXGroup section */

/* Begin PBXNativeTarget section */
		B9068F1520D7F779007010AD /* objc-extensions */ = {
			isa = PBXNativeTarget;
			buildConfigurationList = B9068F3720D7F77A007010AD /* Build configuration list for PBXNativeTarget "objc-extensions" */;
			buildPhases = (
				B9068F1220D7F779007010AD /* Sources */,
				B9068F1320D7F779007010AD /* Frameworks */,
				B9068F1420D7F779007010AD /* Resources */,
			);
			buildRules = (
			);
			dependencies = (
			);
			name = "objc-extensions";
			productName = "objc-extensions";
			productReference = B9068F1620D7F779007010AD /* objc-extensions.app */;
			productType = "com.apple.product-type.application";
		};
		B9068F2D20D7F77A007010AD /* objc-extensionsTests */ = {
			isa = PBXNativeTarget;
			buildConfigurationList = B9068F3A20D7F77A007010AD /* Build configuration list for PBXNativeTarget "objc-extensionsTests" */;
			buildPhases = (
				B9068F2A20D7F77A007010AD /* Sources */,
				B9068F2B20D7F77A007010AD /* Frameworks */,
				B9068F2C20D7F77A007010AD /* Resources */,
			);
			buildRules = (
			);
			dependencies = (
				B9068F3020D7F77A007010AD /* PBXTargetDependency */,
			);
			name = "objc-extensionsTests";
			productName = "objc-extensionsTests";
			productReference = B9068F2E20D7F77A007010AD /* objc-extensionsTests.xctest */;
			productType = "com.apple.product-type.bundle.unit-test";
		};
/* End PBXNativeTarget section */

/* Begin PBXProject section */
		B9068F0E20D7F779007010AD /* Project object */ = {
			isa = PBXProject;
			attributes = {
				LastUpgradeCheck = 0940;
				ORGANIZATIONNAME = tdrk18;
				TargetAttributes = {
					B9068F1520D7F779007010AD = {
						CreatedOnToolsVersion = 9.4.1;
					};
					B9068F2D20D7F77A007010AD = {
						CreatedOnToolsVersion = 9.4.1;
						TestTargetID = B9068F1520D7F779007010AD;
					};
				};
			};
			buildConfigurationList = B9068F1120D7F779007010AD /* Build configuration list for PBXProject "objc-extensions" */;
			compatibilityVersion = "Xcode 9.3";
			developmentRegion = en;
			hasScannedForEncodings = 0;
			knownRegions = (
				en,
				Base,
			);
			mainGroup = B9068F0D20D7F779007010AD;
			productRefGroup = B9068F1720D7F779007010AD /* Products */;
			projectDirPath = "";
			projectRoot = "";
			targets = (
				B9068F1520D7F779007010AD /* objc-extensions */,
				B9068F2D20D7F77A007010AD /* objc-extensionsTests */,
			);
		};
/* End PBXProject section */

/* Begin PBXResourcesBuildPhase section */
		B9068F1420D7F779007010AD /* Resources */ = {
			isa = PBXResourcesBuildPhase;
			buildActionMask = 2147483647;
			files = (
				B9068F2620D7F77A007010AD /* LaunchScreen.storyboard in Resources */,
				B9068F2320D7F77A007010AD /* Assets.xcassets in Resources */,
				B9068F2120D7F779007010AD /* Main.storyboard in Resources */,
			);
			runOnlyForDeploymentPostprocessing = 0;
		};
		B9068F2C20D7F77A007010AD /* Resources */ = {
			isa = PBXResourcesBuildPhase;
			buildActionMask = 2147483647;
			files = (
			);
			runOnlyForDeploymentPostprocessing = 0;
		};
/* End PBXResourcesBuildPhase section */

/* Begin PBXSourcesBuildPhase section */
		B9068F1220D7F779007010AD /* Sources */ = {
			isa = PBXSourcesBuildPhase;
			buildActionMask = 2147483647;
			files = (
				B9068F1E20D7F779007010AD /* ViewController.m in Sources */,
				B9068F2920D7F77A007010AD /* main.m in Sources */,
				B9068F1B20D7F779007010AD /* AppDelegate.m in Sources */,
			);
			runOnlyForDeploymentPostprocessing = 0;
		};
		B9068F2A20D7F77A007010AD /* Sources */ = {
			isa = PBXSourcesBuildPhase;
			buildActionMask = 2147483647;
			files = (
				B9068F3320D7F77A007010AD /* objc_extensionsTests.m in Sources */,
			);
			runOnlyForDeploymentPostprocessing = 0;
		};
/* End PBXSourcesBuildPhase section */

/* Begin PBXTargetDependency section */
		B9068F3020D7F77A007010AD /* PBXTargetDependency */ = {
			isa = PBXTargetDependency;
			target = B9068F1520D7F779007010AD /* objc-extensions */;
			targetProxy = B9068F2F20D7F77A007010AD /* PBXContainerItemProxy */;
		};
/* End PBXTargetDependency section */

/* Begin PBXVariantGroup section */
		B9068F1F20D7F779007010AD /* Main.storyboard */ = {
			isa = PBXVariantGroup;
			children = (
				B9068F2020D7F779007010AD /* Base */,
			);
			name = Main.storyboard;
			sourceTree = "<group>";
		};
		B9068F2420D7F77A007010AD /* LaunchScreen.storyboard */ = {
			isa = PBXVariantGroup;
			children = (
				B9068F2520D7F77A007010AD /* Base */,
			);
			name = LaunchScreen.storyboard;
			sourceTree = "<group>";
		};
/* End PBXVariantGroup section */

/* Begin XCBuildConfiguration section */
		B9068F3520D7F77A007010AD /* Debug */ = {
			isa = XCBuildConfiguration;
			buildSettings = {
				ALWAYS_SEARCH_USER_PATHS = NO;
				CLANG_ANALYZER_NONNULL = YES;
				CLANG_ANALYZER_NUMBER_OBJECT_CONVERSION = YES_AGGRESSIVE;
				CLANG_CXX_LANGUAGE_STANDARD = "gnu++14";
				CLANG_CXX_LIBRARY = "libc++";
				CLANG_ENABLE_MODULES = YES;
				CLANG_ENABLE_OBJC_ARC = YES;
				CLANG_ENABLE_OBJC_WEAK = YES;
				CLANG_WARN_BLOCK_CAPTURE_AUTORELEASING = YES;
				CLANG_WARN_BOOL_CONVERSION = YES;
				CLANG_WARN_COMMA = YES;
				CLANG_WARN_CONSTANT_CONVERSION = YES;
				CLANG_WARN_DEPRECATED_OBJC_IMPLEMENTATIONS = YES;
				CLANG_WARN_DIRECT_OBJC_ISA_USAGE = YES_ERROR;
				CLANG_WARN_DOCUMENTATION_COMMENTS = YES;
				CLANG_WARN_EMPTY_BODY = YES;
				CLANG_WARN_ENUM_CONVERSION = YES;
				CLANG_WARN_INFINITE_RECURSION = YES;
				CLANG_WARN_INT_CONVERSION = YES;
				CLANG_WARN_NON_LITERAL_NULL_CONVERSION = YES;
				CLANG_WARN_OBJC_IMPLICIT_RETAIN_SELF = YES;
				CLANG_WARN_OBJC_LITERAL_CONVERSION = YES;
				CLANG_WARN_OBJC_ROOT_CLASS = YES_ERROR;
				CLANG_WARN_RANGE_LOOP_ANALYSIS = YES;
				CLANG_WARN_STRICT_PROTOTYPES = YES;
				CLANG_WARN_SUSPICIOUS_MOVE = YES;
				CLANG_WARN_UNGUARDED_AVAILABILITY = YES_AGGRESSIVE;
				CLANG_WARN_UNREACHABLE_CODE = YES;
				CLANG_WARN__DUPLICATE_METHOD_MATCH = YES;
				CODE_SIGN_IDENTITY = "iPhone Developer";
				COPY_PHASE_STRIP = NO;
				DEBUG_INFORMATION_FORMAT = dwarf;
				ENABLE_STRICT_OBJC_MSGSEND = YES;
				ENABLE_TESTABILITY = YES;
				GCC_C_LANGUAGE_STANDARD = gnu11;
				GCC_DYNAMIC_NO_PIC = NO;
				GCC_NO_COMMON_BLOCKS = YES;
				GCC_OPTIMIZATION_LEVEL = 0;
				GCC_PREPROCESSOR_DEFINITIONS = (
					"DEBUG=1",
					"$(inherited)",
				);
				GCC_WARN_64_TO_32_BIT_CONVERSION = YES;
				GCC_WARN_ABOUT_RETURN_TYPE = YES_ERROR;
				GCC_WARN_UNDECLARED_SELECTOR = YES;
				GCC_WARN_UNINITIALIZED_AUTOS = YES_AGGRESSIVE;
				GCC_WARN_UNUSED_FUNCTION = YES;
				GCC_WARN_UNUSED_VARIABLE = YES;
				IPHONEOS_DEPLOYMENT_TARGET = 11.4;
				MTL_ENABLE_DEBUG_INFO = YES;
				ONLY_ACTIVE_ARCH = YES;
				SDKROOT = iphoneos;
			};
			name = Debug;
		};
		B9068F3620D7F77A007010AD /* Release */ = {
			isa = XCBuildConfiguration;
			buildSettings = {
				ALWAYS_SEARCH_USER_PATHS = NO;
				CLANG_ANALYZER_NONNULL = YES;
				CLANG_ANALYZER_NUMBER_OBJECT_CONVERSION = YES_AGGRESSIVE;
				CLANG_CXX_LANGUAGE_STANDARD = "gnu++14";
				CLANG_CXX_LIBRARY = "libc++";
				CLANG_ENABLE_MODULES = YES;
				CLANG_ENABLE_OBJC_ARC = YES;
				CLANG_ENABLE_OBJC_WEAK = YES;
				CLANG_WARN_BLOCK_CAPTURE_AUTORELEASING = YES;
				CLANG_WARN_BOOL_CONVERSION = YES;
				CLANG_WARN_COMMA = YES;
				CLANG_WARN_CONSTANT_CONVERSION = YES;
				CLANG_WARN_DEPRECATED_OBJC_IMPLEMENTATIONS = YES;
				CLANG_WARN_DIRECT_OBJC_ISA_USAGE = YES_ERROR;
				CLANG_WARN_DOCUMENTATION_COMMENTS = YES;
				CLANG_WARN_EMPTY_BODY = YES;
				CLANG_WARN_ENUM_CONVERSION = YES;
				CLANG_WARN_INFINITE_RECURSION = YES;
				CLANG_WARN_INT_CONVERSION = YES;
				CLANG_WARN_NON_LITERAL_NULL_CONVERSION = YES;
				CLANG_WARN_OBJC_IMPLICIT_RETAIN_SELF = YES;
				CLANG_WARN_OBJC_LITERAL_CONVERSION = YES;
				CLANG_WARN_OBJC_ROOT_CLASS = YES_ERROR;
				CLANG_WARN_RANGE_LOOP_ANALYSIS = YES;
				CLANG_WARN_STRICT_PROTOTYPES = YES;
				CLANG_WARN_SUSPICIOUS_MOVE = YES;
				CLANG_WARN_UNGUARDED_AVAILABILITY = YES_AGGRESSIVE;
				CLANG_WARN_UNREACHABLE_CODE = YES;
				CLANG_WARN__DUPLICATE_METHOD_MATCH = YES;
				CODE_SIGN_IDENTITY = "iPhone Developer";
				COPY_PHASE_STRIP = NO;
				DEBUG_INFORMATION_FORMAT = "dwarf-with-dsym";
				ENABLE_NS_ASSERTIONS = NO;
				ENABLE_STRICT_OBJC_MSGSEND = YES;
				GCC_C_LANGUAGE_STANDARD = gnu11;
				GCC_NO_COMMON_BLOCKS = YES;
				GCC_WARN_64_TO_32_BIT_CONVERSION = YES;
				GCC_WARN_ABOUT_RETURN_TYPE = YES_ERROR;
				GCC_WARN_UNDECLARED_SELECTOR = YES;
				GCC_WARN_UNINITIALIZED_AUTOS = YES_AGGRESSIVE;
				GCC_WARN_UNUSED_FUNCTION = YES;
				GCC_WARN_UNUSED_VARIABLE = YES;
				IPHONEOS_DEPLOYMENT_TARGET = 11.4;
				MTL_ENABLE_DEBUG_INFO = NO;
				SDKROOT = iphoneos;
				VALIDATE_PRODUCT = YES;
			};
			name = Release;
		};
		B9068F3820D7F77A007010AD /* Debug */ = {
			isa = XCBuildConfiguration;
			buildSettings = {
				ASSETCATALOG_COMPILER_APPICON_NAME = AppIcon;
				CODE_SIGN_STYLE = Automatic;
				DEVELOPMENT_TEAM = J5G949794M;
				INFOPLIST_FILE = "objc-extensions/Info.plist";
				LD_RUNPATH_SEARCH_PATHS = (
					"$(inherited)",
					"@executable_path/Frameworks",
				);
				PRODUCT_BUNDLE_IDENTIFIER = "tdrk18.objc-extensions";
				PRODUCT_NAME = "$(TARGET_NAME)";
				TARGETED_DEVICE_FAMILY = "1,2";
			};
			name = Debug;
		};
		B9068F3920D7F77A007010AD /* Release */ = {
			isa = XCBuildConfiguration;
			buildSettings = {
				ASSETCATALOG_COMPILER_APPICON_NAME = AppIcon;
				CODE_SIGN_STYLE = Automatic;
				DEVELOPMENT_TEAM = J5G949794M;
				INFOPLIST_FILE = "objc-extensions/Info.plist";
				LD_RUNPATH_SEARCH_PATHS = (
					"$(inherited)",
					"@executable_path/Frameworks",
				);
				PRODUCT_BUNDLE_IDENTIFIER = "tdrk18.objc-extensions";
				PRODUCT_NAME = "$(TARGET_NAME)";
				TARGETED_DEVICE_FAMILY = "1,2";
			};
			name = Release;
		};
		B9068F3B20D7F77A007010AD /* Debug */ = {
			isa = XCBuildConfiguration;
			buildSettings = {
				BUNDLE_LOADER = "$(TEST_HOST)";
				CODE_SIGN_STYLE = Automatic;
				DEVELOPMENT_TEAM = J5G949794M;
				INFOPLIST_FILE = "objc-extensionsTests/Info.plist";
				LD_RUNPATH_SEARCH_PATHS = (
					"$(inherited)",
					"@executable_path/Frameworks",
					"@loader_path/Frameworks",
				);
				PRODUCT_BUNDLE_IDENTIFIER = "tdrk18.objc-extensionsTests";
				PRODUCT_NAME = "$(TARGET_NAME)";
				TARGETED_DEVICE_FAMILY = "1,2";
				TEST_HOST = "$(BUILT_PRODUCTS_DIR)/objc-extensions.app/objc-extensions";
			};
			name = Debug;
		};
		B9068F3C20D7F77A007010AD /* Release */ = {
			isa = XCBuildConfiguration;
			buildSettings = {
				BUNDLE_LOADER = "$(TEST_HOST)";
				CODE_SIGN_STYLE = Automatic;
				DEVELOPMENT_TEAM = J5G949794M;
				INFOPLIST_FILE = "objc-extensionsTests/Info.plist";
				LD_RUNPATH_SEARCH_PATHS = (
					"$(inherited)",
					"@executable_path/Frameworks",
					"@loader_path/Frameworks",
				);
				PRODUCT_BUNDLE_IDENTIFIER = "tdrk18.objc-extensionsTests";
				PRODUCT_NAME = "$(TARGET_NAME)";
				TARGETED_DEVICE_FAMILY = "1,2";
				TEST_HOST = "$(BUILT_PRODUCTS_DIR)/objc-extensions.app/objc-extensions";
			};
			name = Release;
		};
/* End XCBuildConfiguration section */

/* Begin XCConfigurationList section */
		B9068F1120D7F779007010AD /* Build configuration list for PBXProject "objc-extensions" */ = {
			isa = XCConfigurationList;
			buildConfigurations = (
				B9068F3520D7F77A007010AD /* Debug */,
				B9068F3620D7F77A007010AD /* Release */,
			);
			defaultConfigurationIsVisible = 0;
			defaultConfigurationName = Release;
		};
		B9068F3720D7F77A007010AD /* Build configuration list for PBXNativeTarget "objc-extensions" */ = {
			isa = XCConfigurationList;
			buildConfigurations = (
				B9068F3820D7F77A007010AD /* Debug */,
				B9068F3920D7F77A007010AD /* Release */,
			);
			defaultConfigurationIsVisible = 0;
			defaultConfigurationName = Release;
		};
		B9068F3A20D7F77A007010AD /* Build configuration list for PBXNativeTarget "objc-extensionsTests" */ = {
			isa = XCConfigurationList;
			buildConfigurations = (
				B9068F3B20D7F77A007010AD /* Debug */,
				B9068F3C20D7F77A007010AD /* Release */,
			);
			defaultConfigurationIsVisible = 0;
			defaultConfigurationName = Release;
		};
/* End XCConfigurationList section */
	};
	rootObject = B9068F0E20D7F779007010AD /* Project object */;
}
